
Microsoft Visual Studio Solution File, Format Version 12.00
# Visual Studio 15
VisualStudioVersion = 15.0.28307.489
MinimumVisualStudioVersion = 10.0.40219.1
Project("{FAE04EC0-301F-11D3-BF4B-00C04F79EFBC}") = "WpfAppTestGit", "WpfAppTestGit\WpfAppTestGit.csproj", "{346D80C8-EC9E-4B0F-A76E-13ACF129ADBA}"
EndProject
Global
	GlobalSection(SolutionConfigurationPlatforms) = preSolution
		Debug|Any CPU = Debug|Any CPU
		Release|Any CPU = Release|Any CPU
	EndGlobalSection
	GlobalSection(ProjectConfigurationPlatforms) = postSolution
		{346D80C8-EC9E-4B0F-A76E-13ACF129ADBA}.Debug|Any CPU.ActiveCfg = Debug|Any CPU
		{346D80C8-EC9E-4B0F-A76E-13ACF129ADBA}.Debug|Any CPU.Build.0 = Debug|Any CPU
		{346D80C8-EC9E-4B0F-A76E-13ACF129ADBA}.Release|Any CPU.ActiveCfg = Release|Any CPU
		{346D80C8-EC9E-4B0F-A76E-13ACF129ADBA}.Release|Any CPU.Build.0 = Release|Any CPU
	EndGlobalSection
	GlobalSection(SolutionProperties) = preSolution
		HideSolutionNode = FALSE
	EndGlobalSection
	GlobalSection(ExtensibilityGlobals) = postSolution
		SolutionGuid = {97379FAE-36EA-4303-B3B6-EDB3F041BB33}
	EndGlobalSection
EndGlobal
